
Microsoft Visual Studio Solution File, Format Version 12.00
# Visual Studio Version 17
VisualStudioVersion = 17.14.36616.10 d17.14
MinimumVisualStudioVersion = 10.0.40219.1
Project("{FAE04EC0-301F-11D3-BF4B-00C04F79EFBC}") = "Лабораторая работа 6.2", "Лабораторая работа 6.2\Лабораторая работа 6.2.csproj", "{3DE20B00-7D7C-423E-BC6D-C264576A0873}"
EndProject
Global
	GlobalSection(SolutionConfigurationPlatforms) = preSolution
		Debug|Any CPU = Debug|Any CPU
		Release|Any CPU = Release|Any CPU
	EndGlobalSection
	GlobalSection(ProjectConfigurationPlatforms) = postSolution
		{3DE20B00-7D7C-423E-BC6D-C264576A0873}.Debug|Any CPU.ActiveCfg = Debug|Any CPU
		{3DE20B00-7D7C-423E-BC6D-C264576A0873}.Debug|Any CPU.Build.0 = Debug|Any CPU
		{3DE20B00-7D7C-423E-BC6D-C264576A0873}.Release|Any CPU.ActiveCfg = Release|Any CPU
		{3DE20B00-7D7C-423E-BC6D-C264576A0873}.Release|Any CPU.Build.0 = Release|Any CPU
	EndGlobalSection
	GlobalSection(SolutionProperties) = preSolution
		HideSolutionNode = FALSE
	EndGlobalSection
	GlobalSection(ExtensibilityGlobals) = postSolution
		SolutionGuid = {3E3A7709-E001-4F5F-AA2C-8A66AADC25A3}
	EndGlobalSection
EndGlobal
