
Microsoft Visual Studio Solution File, Format Version 12.00
# Visual Studio Version 16
VisualStudioVersion = 16.0.35931.194
MinimumVisualStudioVersion = 10.0.40219.1
Project("{FAE04EC0-301F-11D3-BF4B-00C04F79EFBC}") = "Практическая работа 1.0", "Практическая работа 1.0.csproj", "{13F577B0-7763-48BF-99F2-621E8FD1579F}"
EndProject
Global
	GlobalSection(SolutionConfigurationPlatforms) = preSolution
		Debug|Any CPU = Debug|Any CPU
		Release|Any CPU = Release|Any CPU
	EndGlobalSection
	GlobalSection(ProjectConfigurationPlatforms) = postSolution
		{13F577B0-7763-48BF-99F2-621E8FD1579F}.Debug|Any CPU.ActiveCfg = Debug|Any CPU
		{13F577B0-7763-48BF-99F2-621E8FD1579F}.Debug|Any CPU.Build.0 = Debug|Any CPU
		{13F577B0-7763-48BF-99F2-621E8FD1579F}.Release|Any CPU.ActiveCfg = Release|Any CPU
		{13F577B0-7763-48BF-99F2-621E8FD1579F}.Release|Any CPU.Build.0 = Release|Any CPU
	EndGlobalSection
	GlobalSection(SolutionProperties) = preSolution
		HideSolutionNode = FALSE
	EndGlobalSection
	GlobalSection(ExtensibilityGlobals) = postSolution
		SolutionGuid = {4CF3A67D-CC15-4D32-9687-7A69807857FE}
	EndGlobalSection
EndGlobal
