
Microsoft Visual Studio Solution File, Format Version 12.00
# Visual Studio Version 17
VisualStudioVersion = 17.14.36616.10 d17.14
MinimumVisualStudioVersion = 10.0.40219.1
Project("{FAE04EC0-301F-11D3-BF4B-00C04F79EFBC}") = "Лабораторная работа 6.1", "Лабораторная работа 6.1\Лабораторная работа 6.1.csproj", "{438B1A4E-C8AA-428D-A9D4-67EF4C0706C1}"
EndProject
Global
	GlobalSection(SolutionConfigurationPlatforms) = preSolution
		Debug|Any CPU = Debug|Any CPU
		Release|Any CPU = Release|Any CPU
	EndGlobalSection
	GlobalSection(ProjectConfigurationPlatforms) = postSolution
		{438B1A4E-C8AA-428D-A9D4-67EF4C0706C1}.Debug|Any CPU.ActiveCfg = Debug|Any CPU
		{438B1A4E-C8AA-428D-A9D4-67EF4C0706C1}.Debug|Any CPU.Build.0 = Debug|Any CPU
		{438B1A4E-C8AA-428D-A9D4-67EF4C0706C1}.Release|Any CPU.ActiveCfg = Release|Any CPU
		{438B1A4E-C8AA-428D-A9D4-67EF4C0706C1}.Release|Any CPU.Build.0 = Release|Any CPU
	EndGlobalSection
	GlobalSection(SolutionProperties) = preSolution
		HideSolutionNode = FALSE
	EndGlobalSection
	GlobalSection(ExtensibilityGlobals) = postSolution
		SolutionGuid = {C5EE6131-1DC1-45A0-A4AD-B7B34E0B3E26}
	EndGlobalSection
EndGlobal
